// !$*UTF8*$!
{
	archiveVersion = 1;
	classes = {
	};
	objectVersion = 50;
	objects = {

/* Begin PBXBuildFile section */
		ABF7840C218A4B2700DFD5C0 /* AppDelegate.swift in Sources */ = {isa = PBXBuildFile; fileRef = ABF7840B218A4B2700DFD5C0 /* AppDelegate.swift */; };
		ABF7840E218A4B2700DFD5C0 /* FirstViewController.swift in Sources */ = {isa = PBXBuildFile; fileRef = ABF7840D218A4B2700DFD5C0 /* FirstViewController.swift */; };
		ABF78410218A4B2700DFD5C0 /* SecondViewController.swift in Sources */ = {isa = PBXBuildFile; fileRef = ABF7840F218A4B2700DFD5C0 /* SecondViewController.swift */; };
		ABF78413218A4B2700DFD5C0 /* Main.storyboard in Resources */ = {isa = PBXBuildFile; fileRef = ABF78411218A4B2700DFD5C0 /* Main.storyboard */; };
		ABF78415218A4B2900DFD5C0 /* Assets.xcassets in Resources */ = {isa = PBXBuildFile; fileRef = ABF78414218A4B2900DFD5C0 /* Assets.xcassets */; };
		ABF78418218A4B2900DFD5C0 /* LaunchScreen.storyboard in Resources */ = {isa = PBXBuildFile; fileRef = ABF78416218A4B2900DFD5C0 /* LaunchScreen.storyboard */; };
		ABF78420218A511300DFD5C0 /* Settings.bundle in Resources */ = {isa = PBXBuildFile; fileRef = ABF7841F218A511300DFD5C0 /* Settings.bundle */; };
		ABF78422218A7F4800DFD5C0 /* Constants.swift in Sources */ = {isa = PBXBuildFile; fileRef = ABF78421218A7F4800DFD5C0 /* Constants.swift */; };
/* End PBXBuildFile section */

/* Begin PBXFileReference section */
		ABF78408218A4B2700DFD5C0 /* Bridge Control.app */ = {isa = PBXFileReference; explicitFileType = wrapper.application; includeInIndex = 0; path = "Bridge Control.app"; sourceTree = BUILT_PRODUCTS_DIR; };
		ABF7840B218A4B2700DFD5C0 /* AppDelegate.swift */ = {isa = PBXFileReference; lastKnownFileType = sourcecode.swift; path = AppDelegate.swift; sourceTree = "<group>"; };
		ABF7840D218A4B2700DFD5C0 /* FirstViewController.swift */ = {isa = PBXFileReference; lastKnownFileType = sourcecode.swift; path = FirstViewController.swift; sourceTree = "<group>"; };
		ABF7840F218A4B2700DFD5C0 /* SecondViewController.swift */ = {isa = PBXFileReference; lastKnownFileType = sourcecode.swift; path = SecondViewController.swift; sourceTree = "<group>"; };
		ABF78412218A4B2700DFD5C0 /* Base */ = {isa = PBXFileReference; lastKnownFileType = file.storyboard; name = Base; path = Base.lproj/Main.storyboard; sourceTree = "<group>"; };
		ABF78414218A4B2900DFD5C0 /* Assets.xcassets */ = {isa = PBXFileReference; lastKnownFileType = folder.assetcatalog; path = Assets.xcassets; sourceTree = "<group>"; };
		ABF78417218A4B2900DFD5C0 /* Base */ = {isa = PBXFileReference; lastKnownFileType = file.storyboard; name = Base; path = Base.lproj/LaunchScreen.storyboard; sourceTree = "<group>"; };
		ABF78419218A4B2900DFD5C0 /* Info.plist */ = {isa = PBXFileReference; lastKnownFileType = text.plist.xml; path = Info.plist; sourceTree = "<group>"; };
		ABF7841F218A511300DFD5C0 /* Settings.bundle */ = {isa = PBXFileReference; lastKnownFileType = "wrapper.plug-in"; path = Settings.bundle; sourceTree = "<group>"; };
		ABF78421218A7F4800DFD5C0 /* Constants.swift */ = {isa = PBXFileReference; lastKnownFileType = sourcecode.swift; path = Constants.swift; sourceTree = "<group>"; };
/* End PBXFileReference section */

/* Begin PBXFrameworksBuildPhase section */
		ABF78405218A4B2700DFD5C0 /* Frameworks */ = {
			isa = PBXFrameworksBuildPhase;
			buildActionMask = 2147483647;
			files = (
			);
			runOnlyForDeploymentPostprocessing = 0;
		};
/* End PBXFrameworksBuildPhase section */

/* Begin PBXGroup section */
		ABF783FF218A4B2700DFD5C0 = {
			isa = PBXGroup;
			children = (
				ABF7840A218A4B2700DFD5C0 /* Bridge Control */,
				ABF78409218A4B2700DFD5C0 /* Products */,
			);
			sourceTree = "<group>";
		};
		ABF78409218A4B2700DFD5C0 /* Products */ = {
			isa = PBXGroup;
			children = (
				ABF78408218A4B2700DFD5C0 /* Bridge Control.app */,
			);
			name = Products;
			sourceTree = "<group>";
		};
		ABF7840A218A4B2700DFD5C0 /* Bridge Control */ = {
			isa = PBXGroup;
			children = (
				ABF7840B218A4B2700DFD5C0 /* AppDelegate.swift */,
				ABF7840D218A4B2700DFD5C0 /* FirstViewController.swift */,
				ABF7840F218A4B2700DFD5C0 /* SecondViewController.swift */,
				ABF78411218A4B2700DFD5C0 /* Main.storyboard */,
				ABF78414218A4B2900DFD5C0 /* Assets.xcassets */,
				ABF78416218A4B2900DFD5C0 /* LaunchScreen.storyboard */,
				ABF78419218A4B2900DFD5C0 /* Info.plist */,
				ABF7841F218A511300DFD5C0 /* Settings.bundle */,
				ABF78421218A7F4800DFD5C0 /* Constants.swift */,
			);
			path = "Bridge Control";
			sourceTree = "<group>";
		};
/* End PBXGroup section */

/* Begin PBXNativeTarget section */
		ABF78407218A4B2700DFD5C0 /* Bridge Control */ = {
			isa = PBXNativeTarget;
			buildConfigurationList = ABF7841C218A4B2900DFD5C0 /* Build configuration list for PBXNativeTarget "Bridge Control" */;
			buildPhases = (
				ABF78404218A4B2700DFD5C0 /* Sources */,
				ABF78405218A4B2700DFD5C0 /* Frameworks */,
				ABF78406218A4B2700DFD5C0 /* Resources */,
			);
			buildRules = (
			);
			dependencies = (
			);
			name = "Bridge Control";
			productName = "Bridge Control";
			productReference = ABF78408218A4B2700DFD5C0 /* Bridge Control.app */;
			productType = "com.apple.product-type.application";
		};
/* End PBXNativeTarget section */

/* Begin PBXProject section */
		ABF78400218A4B2700DFD5C0 /* Project object */ = {
			isa = PBXProject;
			attributes = {
				LastSwiftUpdateCheck = 1010;
				LastUpgradeCheck = 1010;
				ORGANIZATIONNAME = "Chase Costner";
				TargetAttributes = {
					ABF78407218A4B2700DFD5C0 = {
						CreatedOnToolsVersion = 10.1;
					};
				};
			};
			buildConfigurationList = ABF78403218A4B2700DFD5C0 /* Build configuration list for PBXProject "Bridge Control" */;
			compatibilityVersion = "Xcode 9.3";
			developmentRegion = en;
			hasScannedForEncodings = 0;
			knownRegions = (
				en,
				Base,
			);
			mainGroup = ABF783FF218A4B2700DFD5C0;
			productRefGroup = ABF78409218A4B2700DFD5C0 /* Products */;
			projectDirPath = "";
			projectRoot = "";
			targets = (
				ABF78407218A4B2700DFD5C0 /* Bridge Control */,
			);
		};
/* End PBXProject section */

/* Begin PBXResourcesBuildPhase section */
		ABF78406218A4B2700DFD5C0 /* Resources */ = {
			isa = PBXResourcesBuildPhase;
			buildActionMask = 2147483647;
			files = (
				ABF78420218A511300DFD5C0 /* Settings.bundle in Resources */,
				ABF78418218A4B2900DFD5C0 /* LaunchScreen.storyboard in Resources */,
				ABF78415218A4B2900DFD5C0 /* Assets.xcassets in Resources */,
				ABF78413218A4B2700DFD5C0 /* Main.storyboard in Resources */,
			);
			runOnlyForDeploymentPostprocessing = 0;
		};
/* End PBXResourcesBuildPhase section */

/* Begin PBXSourcesBuildPhase section */
		ABF78404218A4B2700DFD5C0 /* Sources */ = {
			isa = PBXSourcesBuildPhase;
			buildActionMask = 2147483647;
			files = (
				ABF78410218A4B2700DFD5C0 /* SecondViewController.swift in Sources */,
				ABF7840C218A4B2700DFD5C0 /* AppDelegate.swift in Sources */,
				ABF7840E218A4B2700DFD5C0 /* FirstViewController.swift in Sources */,
				ABF78422218A7F4800DFD5C0 /* Constants.swift in Sources */,
			);
			runOnlyForDeploymentPostprocessing = 0;
		};
/* End PBXSourcesBuildPhase section */

/* Begin PBXVariantGroup section */
		ABF78411218A4B2700DFD5C0 /* Main.storyboard */ = {
			isa = PBXVariantGroup;
			children = (
				ABF78412218A4B2700DFD5C0 /* Base */,
			);
			name = Main.storyboard;
			sourceTree = "<group>";
		};
		ABF78416218A4B2900DFD5C0 /* LaunchScreen.storyboard */ = {
			isa = PBXVariantGroup;
			children = (
				ABF78417218A4B2900DFD5C0 /* Base */,
			);
			name = LaunchScreen.storyboard;
			sourceTree = "<group>";
		};
/* End PBXVariantGroup section */

/* Begin XCBuildConfiguration section */
		ABF7841A218A4B2900DFD5C0 /* Debug */ = {
			isa = XCBuildConfiguration;
			buildSettings = {
				ALWAYS_SEARCH_USER_PATHS = NO;
				CLANG_ANALYZER_NONNULL = YES;
				CLANG_ANALYZER_NUMBER_OBJECT_CONVERSION = YES_AGGRESSIVE;
				CLANG_CXX_LANGUAGE_STANDARD = "gnu++14";
				CLANG_CXX_LIBRARY = "libc++";
				CLANG_ENABLE_MODULES = YES;
				CLANG_ENABLE_OBJC_ARC = YES;
				CLANG_ENABLE_OBJC_WEAK = YES;
				CLANG_WARN_BLOCK_CAPTURE_AUTORELEASING = YES;
				CLANG_WARN_BOOL_CONVERSION = YES;
				CLANG_WARN_COMMA = YES;
				CLANG_WARN_CONSTANT_CONVERSION = YES;
				CLANG_WARN_DEPRECATED_OBJC_IMPLEMENTATIONS = YES;
				CLANG_WARN_DIRECT_OBJC_ISA_USAGE = YES_ERROR;
				CLANG_WARN_DOCUMENTATION_COMMENTS = YES;
				CLANG_WARN_EMPTY_BODY = YES;
				CLANG_WARN_ENUM_CONVERSION = YES;
				CLANG_WARN_INFINITE_RECURSION = YES;
				CLANG_WARN_INT_CONVERSION = YES;
				CLANG_WARN_NON_LITERAL_NULL_CONVERSION = YES;
				CLANG_WARN_OBJC_IMPLICIT_RETAIN_SELF = YES;
				CLANG_WARN_OBJC_LITERAL_CONVERSION = YES;
				CLANG_WARN_OBJC_ROOT_CLASS = YES_ERROR;
				CLANG_WARN_RANGE_LOOP_ANALYSIS = YES;
				CLANG_WARN_STRICT_PROTOTYPES = YES;
				CLANG_WARN_SUSPICIOUS_MOVE = YES;
				CLANG_WARN_UNGUARDED_AVAILABILITY = YES_AGGRESSIVE;
				CLANG_WARN_UNREACHABLE_CODE = YES;
				CLANG_WARN__DUPLICATE_METHOD_MATCH = YES;
				CODE_SIGN_IDENTITY = "iPhone Developer";
				COPY_PHASE_STRIP = NO;
				DEBUG_INFORMATION_FORMAT = dwarf;
				ENABLE_STRICT_OBJC_MSGSEND = YES;
				ENABLE_TESTABILITY = YES;
				GCC_C_LANGUAGE_STANDARD = gnu11;
				GCC_DYNAMIC_NO_PIC = NO;
				GCC_NO_COMMON_BLOCKS = YES;
				GCC_OPTIMIZATION_LEVEL = 0;
				GCC_PREPROCESSOR_DEFINITIONS = (
					"DEBUG=1",
					"$(inherited)",
				);
				GCC_WARN_64_TO_32_BIT_CONVERSION = YES;
				GCC_WARN_ABOUT_RETURN_TYPE = YES_ERROR;
				GCC_WARN_UNDECLARED_SELECTOR = YES;
				GCC_WARN_UNINITIALIZED_AUTOS = YES_AGGRESSIVE;
				GCC_WARN_UNUSED_FUNCTION = YES;
				GCC_WARN_UNUSED_VARIABLE = YES;
				IPHONEOS_DEPLOYMENT_TARGET = 12.1;
				MTL_ENABLE_DEBUG_INFO = INCLUDE_SOURCE;
				MTL_FAST_MATH = YES;
				ONLY_ACTIVE_ARCH = YES;
				SDKROOT = iphoneos;
				SWIFT_ACTIVE_COMPILATION_CONDITIONS = DEBUG;
				SWIFT_OPTIMIZATION_LEVEL = "-Onone";
			};
			name = Debug;
		};
		ABF7841B218A4B2900DFD5C0 /* Release */ = {
			isa = XCBuildConfiguration;
			buildSettings = {
				ALWAYS_SEARCH_USER_PATHS = NO;
				CLANG_ANALYZER_NONNULL = YES;
				CLANG_ANALYZER_NUMBER_OBJECT_CONVERSION = YES_AGGRESSIVE;
				CLANG_CXX_LANGUAGE_STANDARD = "gnu++14";
				CLANG_CXX_LIBRARY = "libc++";
				CLANG_ENABLE_MODULES = YES;
				CLANG_ENABLE_OBJC_ARC = YES;
				CLANG_ENABLE_OBJC_WEAK = YES;
				CLANG_WARN_BLOCK_CAPTURE_AUTORELEASING = YES;
				CLANG_WARN_BOOL_CONVERSION = YES;
				CLANG_WARN_COMMA = YES;
				CLANG_WARN_CONSTANT_CONVERSION = YES;
				CLANG_WARN_DEPRECATED_OBJC_IMPLEMENTATIONS = YES;
				CLANG_WARN_DIRECT_OBJC_ISA_USAGE = YES_ERROR;
				CLANG_WARN_DOCUMENTATION_COMMENTS = YES;
				CLANG_WARN_EMPTY_BODY = YES;
				CLANG_WARN_ENUM_CONVERSION = YES;
				CLANG_WARN_INFINITE_RECURSION = YES;
				CLANG_WARN_INT_CONVERSION = YES;
				CLANG_WARN_NON_LITERAL_NULL_CONVERSION = YES;
				CLANG_WARN_OBJC_IMPLICIT_RETAIN_SELF = YES;
				CLANG_WARN_OBJC_LITERAL_CONVERSION = YES;
				CLANG_WARN_OBJC_ROOT_CLASS = YES_ERROR;
				CLANG_WARN_RANGE_LOOP_ANALYSIS = YES;
				CLANG_WARN_STRICT_PROTOTYPES = YES;
				CLANG_WARN_SUSPICIOUS_MOVE = YES;
				CLANG_WARN_UNGUARDED_AVAILABILITY = YES_AGGRESSIVE;
				CLANG_WARN_UNREACHABLE_CODE = YES;
				CLANG_WARN__DUPLICATE_METHOD_MATCH = YES;
				CODE_SIGN_IDENTITY = "iPhone Developer";
				COPY_PHASE_STRIP = NO;
				DEBUG_INFORMATION_FORMAT = "dwarf-with-dsym";
				ENABLE_NS_ASSERTIONS = NO;
				ENABLE_STRICT_OBJC_MSGSEND = YES;
				GCC_C_LANGUAGE_STANDARD = gnu11;
				GCC_NO_COMMON_BLOCKS = YES;
				GCC_WARN_64_TO_32_BIT_CONVERSION = YES;
				GCC_WARN_ABOUT_RETURN_TYPE = YES_ERROR;
				GCC_WARN_UNDECLARED_SELECTOR = YES;
				GCC_WARN_UNINITIALIZED_AUTOS = YES_AGGRESSIVE;
				GCC_WARN_UNUSED_FUNCTION = YES;
				GCC_WARN_UNUSED_VARIABLE = YES;
				IPHONEOS_DEPLOYMENT_TARGET = 12.1;
				MTL_ENABLE_DEBUG_INFO = NO;
				MTL_FAST_MATH = YES;
				SDKROOT = iphoneos;
				SWIFT_COMPILATION_MODE = wholemodule;
				SWIFT_OPTIMIZATION_LEVEL = "-O";
				VALIDATE_PRODUCT = YES;
			};
			name = Release;
		};
		ABF7841D218A4B2900DFD5C0 /* Debug */ = {
			isa = XCBuildConfiguration;
			buildSettings = {
				ASSETCATALOG_COMPILER_APPICON_NAME = AppIcon;
				CODE_SIGN_STYLE = Automatic;
				DEVELOPMENT_TEAM = ZG8SP629DL;
				INFOPLIST_FILE = "Bridge Control/Info.plist";
				LD_RUNPATH_SEARCH_PATHS = (
					"$(inherited)",
					"@executable_path/Frameworks",
				);
				PRODUCT_BUNDLE_IDENTIFIER = "com.chasecostner.Bridge-Control";
				PRODUCT_NAME = "$(TARGET_NAME)";
				SWIFT_VERSION = 4.2;
				TARGETED_DEVICE_FAMILY = "1,2";
			};
			name = Debug;
		};
		ABF7841E218A4B2900DFD5C0 /* Release */ = {
			isa = XCBuildConfiguration;
			buildSettings = {
				ASSETCATALOG_COMPILER_APPICON_NAME = AppIcon;
				CODE_SIGN_STYLE = Automatic;
				DEVELOPMENT_TEAM = ZG8SP629DL;
				INFOPLIST_FILE = "Bridge Control/Info.plist";
				LD_RUNPATH_SEARCH_PATHS = (
					"$(inherited)",
					"@executable_path/Frameworks",
				);
				PRODUCT_BUNDLE_IDENTIFIER = "com.chasecostner.Bridge-Control";
				PRODUCT_NAME = "$(TARGET_NAME)";
				SWIFT_VERSION = 4.2;
				TARGETED_DEVICE_FAMILY = "1,2";
			};
			name = Release;
		};
/* End XCBuildConfiguration section */

/* Begin XCConfigurationList section */
		ABF78403218A4B2700DFD5C0 /* Build configuration list for PBXProject "Bridge Control" */ = {
			isa = XCConfigurationList;
			buildConfigurations = (
				ABF7841A218A4B2900DFD5C0 /* Debug */,
				ABF7841B218A4B2900DFD5C0 /* Release */,
			);
			defaultConfigurationIsVisible = 0;
			defaultConfigurationName = Release;
		};
		ABF7841C218A4B2900DFD5C0 /* Build configuration list for PBXNativeTarget "Bridge Control" */ = {
			isa = XCConfigurationList;
			buildConfigurations = (
				ABF7841D218A4B2900DFD5C0 /* Debug */,
				ABF7841E218A4B2900DFD5C0 /* Release */,
			);
			defaultConfigurationIsVisible = 0;
			defaultConfigurationName = Release;
		};
/* End XCConfigurationList section */
	};
	rootObject = ABF78400218A4B2700DFD5C0 /* Project object */;
}
